
Microsoft Visual Studio Solution File, Format Version 12.00
# Visual Studio Version 17
VisualStudioVersion = 17.11.35327.3
MinimumVisualStudioVersion = 10.0.40219.1
Project("{8BC9CEB8-8B4A-11D0-8D11-00A0C91BC942}") = "VHF-Device", "VHF-Device\VHF-Device.vcxproj", "{81ACF96E-FDAC-46A9-B4E7-53C25651B6ED}"
EndProject
Global
	GlobalSection(SolutionConfigurationPlatforms) = preSolution
		Debug|ARM64 = Debug|ARM64
		Debug|x64 = Debug|x64
		Release|ARM64 = Release|ARM64
		Release|x64 = Release|x64
	EndGlobalSection
	GlobalSection(ProjectConfigurationPlatforms) = postSolution
		{81ACF96E-FDAC-46A9-B4E7-53C25651B6ED}.Debug|ARM64.ActiveCfg = Debug|ARM64
		{81ACF96E-FDAC-46A9-B4E7-53C25651B6ED}.Debug|ARM64.Build.0 = Debug|ARM64
		{81ACF96E-FDAC-46A9-B4E7-53C25651B6ED}.Debug|ARM64.Deploy.0 = Debug|ARM64
		{81ACF96E-FDAC-46A9-B4E7-53C25651B6ED}.Debug|x64.ActiveCfg = Debug|x64
		{81ACF96E-FDAC-46A9-B4E7-53C25651B6ED}.Debug|x64.Build.0 = Debug|x64
		{81ACF96E-FDAC-46A9-B4E7-53C25651B6ED}.Debug|x64.Deploy.0 = Debug|x64
		{81ACF96E-FDAC-46A9-B4E7-53C25651B6ED}.Release|ARM64.ActiveCfg = Release|ARM64
		{81ACF96E-FDAC-46A9-B4E7-53C25651B6ED}.Release|ARM64.Build.0 = Release|ARM64
		{81ACF96E-FDAC-46A9-B4E7-53C25651B6ED}.Release|ARM64.Deploy.0 = Release|ARM64
		{81ACF96E-FDAC-46A9-B4E7-53C25651B6ED}.Release|x64.ActiveCfg = Release|x64
		{81ACF96E-FDAC-46A9-B4E7-53C25651B6ED}.Release|x64.Build.0 = Release|x64
		{81ACF96E-FDAC-46A9-B4E7-53C25651B6ED}.Release|x64.Deploy.0 = Release|x64
	EndGlobalSection
	GlobalSection(SolutionProperties) = preSolution
		HideSolutionNode = FALSE
	EndGlobalSection
	GlobalSection(ExtensibilityGlobals) = postSolution
		SolutionGuid = {51D45EC5-ED7C-4C04-9BF7-BCF841B0E812}
	EndGlobalSection
EndGlobal
